
Microsoft Visual Studio Solution File, Format Version 12.00
# Visual Studio Version 17
VisualStudioVersion = 17.14.36908.2 d17.14
MinimumVisualStudioVersion = 10.0.40219.1
Project("{FAE04EC0-301F-11D3-BF4B-00C04F79EFBC}") = "Revised_Pos_Neg", "Revised_Pos_Neg.csproj", "{8C742913-66B0-4495-9ECC-FBF64D12E377}"
EndProject
Global
	GlobalSection(SolutionConfigurationPlatforms) = preSolution
		Debug|Any CPU = Debug|Any CPU
		Release|Any CPU = Release|Any CPU
	EndGlobalSection
	GlobalSection(ProjectConfigurationPlatforms) = postSolution
		{8C742913-66B0-4495-9ECC-FBF64D12E377}.Debug|Any CPU.ActiveCfg = Debug|Any CPU
		{8C742913-66B0-4495-9ECC-FBF64D12E377}.Debug|Any CPU.Build.0 = Debug|Any CPU
		{8C742913-66B0-4495-9ECC-FBF64D12E377}.Release|Any CPU.ActiveCfg = Release|Any CPU
		{8C742913-66B0-4495-9ECC-FBF64D12E377}.Release|Any CPU.Build.0 = Release|Any CPU
	EndGlobalSection
	GlobalSection(SolutionProperties) = preSolution
		HideSolutionNode = FALSE
	EndGlobalSection
	GlobalSection(ExtensibilityGlobals) = postSolution
		SolutionGuid = {DE110F9C-FF73-4A59-8924-0043F55A13A5}
	EndGlobalSection
EndGlobal
